
Microsoft Visual Studio Solution File, Format Version 12.00
# Visual Studio Version 17
VisualStudioVersion = 17.5.002.0
MinimumVisualStudioVersion = 10.0.40219.1
Project("{2150E333-8FDC-42A3-9474-1A3956D46DE8}") = "csharp-prep", "csharp-prep", "{CB12D041-EB5D-4E0C-9904-1595E0533A52}"
EndProject
Project("{9A19103F-16F7-4668-BE54-9A1E7A4F7556}") = "Prep1", "csharp-prep\Prep1\Prep1.csproj", "{AACDA97C-FAA8-4E29-AAB4-32AD3F87173B}"
EndProject
Project("{9A19103F-16F7-4668-BE54-9A1E7A4F7556}") = "Prep2", "csharp-prep\Prep2\Prep2.csproj", "{0F72CED3-5A01-446B-B8D3-269EDCE87511}"
EndProject
Project("{9A19103F-16F7-4668-BE54-9A1E7A4F7556}") = "Prep3", "csharp-prep\Prep3\Prep3.csproj", "{A4B24205-3F9C-43D5-8C65-76DE3ECF03CB}"
EndProject
Project("{9A19103F-16F7-4668-BE54-9A1E7A4F7556}") = "Prep4", "csharp-prep\Prep4\Prep4.csproj", "{1F7B748C-97A2-4D9F-A52F-FB57001DC217}"
EndProject
Project("{9A19103F-16F7-4668-BE54-9A1E7A4F7556}") = "Prep5", "csharp-prep\Prep5\Prep5.csproj", "{5F769F9F-1D1A-4CA3-982A-EFD4BC834B15}"
EndProject
Project("{2150E333-8FDC-42A3-9474-1A3956D46DE8}") = "final", "final", "{FED8D2BA-8AA1-420B-B931-B6A8E9B5DE9D}"
EndProject
Project("{9A19103F-16F7-4668-BE54-9A1E7A4F7556}") = "FinalProject", "final\FinalProject\FinalProject.csproj", "{9251D31A-2C98-4F64-9A7F-5F3B3F700923}"
EndProject
Project("{9A19103F-16F7-4668-BE54-9A1E7A4F7556}") = "Foundation1", "final\Foundation1\Foundation1.csproj", "{7EF3E222-886E-4BC0-B6E6-B134C970DBA9}"
EndProject
Project("{9A19103F-16F7-4668-BE54-9A1E7A4F7556}") = "Foundation2", "final\Foundation2\Foundation2.csproj", "{33E45703-2D89-4DF3-A44E-A9185FEE3230}"
EndProject
Project("{9A19103F-16F7-4668-BE54-9A1E7A4F7556}") = "Foundation3", "final\Foundation3\Foundation3.csproj", "{C482260B-1410-43E8-B43B-FED010EBF618}"
EndProject
Project("{9A19103F-16F7-4668-BE54-9A1E7A4F7556}") = "Foundation4", "final\Foundation4\Foundation4.csproj", "{398D1C7A-7A39-4D1F-BBEC-F9D1684E898D}"
EndProject
Project("{2150E333-8FDC-42A3-9474-1A3956D46DE8}") = "prepare", "prepare", "{CE17D122-214E-4C0F-B094-A135CD4FBF9E}"
EndProject
Project("{9A19103F-16F7-4668-BE54-9A1E7A4F7556}") = "Learning02", "prepare\Learning02\Learning02.csproj", "{99EE855C-DCC2-4E58-8AB6-BFAD50B1D42D}"
EndProject
Project("{9A19103F-16F7-4668-BE54-9A1E7A4F7556}") = "Learning03", "prepare\Learning03\Learning03.csproj", "{7E246B19-2A33-4F64-8C0B-FD0F00FAAF12}"
EndProject
Project("{9A19103F-16F7-4668-BE54-9A1E7A4F7556}") = "Learning04", "prepare\Learning04\Learning04.csproj", "{054B97FE-5E81-474E-A3E1-E6B355B9E08A}"
EndProject
Project("{9A19103F-16F7-4668-BE54-9A1E7A4F7556}") = "Learning05", "prepare\Learning05\Learning05.csproj", "{81A73456-3611-4EAA-BF5F-293185C356C7}"
EndProject
Project("{2150E333-8FDC-42A3-9474-1A3956D46DE8}") = "prove", "prove", "{5A1EAC52-BF2F-41B9-BE0A-48E7D24DC55C}"
EndProject
Project("{9A19103F-16F7-4668-BE54-9A1E7A4F7556}") = "Develop02", "prove\Develop02\Develop02.csproj", "{1F14E30C-D098-41EC-B9B8-3EA4FD2F8C2A}"
EndProject
Project("{9A19103F-16F7-4668-BE54-9A1E7A4F7556}") = "Develop03", "prove\Develop03\Develop03.csproj", "{328BC886-CEAD-4FDC-9AA0-3FD630EEF2C9}"
EndProject
Project("{9A19103F-16F7-4668-BE54-9A1E7A4F7556}") = "Develop04", "prove\Develop04\Develop04.csproj", "{F4787BE0-DEB6-4836-97AB-CFD473BD0307}"
EndProject
Project("{9A19103F-16F7-4668-BE54-9A1E7A4F7556}") = "Develop05", "prove\Develop05\Develop05.csproj", "{AD2FA1BF-47F8-4830-9EDE-04F7CE98F6B9}"
EndProject
Project("{2150E333-8FDC-42A3-9474-1A3956D46DE8}") = "sandbox", "sandbox", "{4331F02C-1FAC-4959-A86D-750568BECAB7}"
EndProject
Project("{9A19103F-16F7-4668-BE54-9A1E7A4F7556}") = "Sandbox", "sandbox\Sandbox\Sandbox.csproj", "{58D1566E-1A39-4B38-B0C3-4D5D325BFCC6}"
EndProject
Global
	GlobalSection(SolutionConfigurationPlatforms) = preSolution
		Debug|Any CPU = Debug|Any CPU
		Release|Any CPU = Release|Any CPU
	EndGlobalSection
	GlobalSection(ProjectConfigurationPlatforms) = postSolution
		{AACDA97C-FAA8-4E29-AAB4-32AD3F87173B}.Debug|Any CPU.ActiveCfg = Debug|Any CPU
		{AACDA97C-FAA8-4E29-AAB4-32AD3F87173B}.Debug|Any CPU.Build.0 = Debug|Any CPU
		{AACDA97C-FAA8-4E29-AAB4-32AD3F87173B}.Release|Any CPU.ActiveCfg = Release|Any CPU
		{AACDA97C-FAA8-4E29-AAB4-32AD3F87173B}.Release|Any CPU.Build.0 = Release|Any CPU
		{0F72CED3-5A01-446B-B8D3-269EDCE87511}.Debug|Any CPU.ActiveCfg = Debug|Any CPU
		{0F72CED3-5A01-446B-B8D3-269EDCE87511}.Debug|Any CPU.Build.0 = Debug|Any CPU
		{0F72CED3-5A01-446B-B8D3-269EDCE87511}.Release|Any CPU.ActiveCfg = Release|Any CPU
		{0F72CED3-5A01-446B-B8D3-269EDCE87511}.Release|Any CPU.Build.0 = Release|Any CPU
		{A4B24205-3F9C-43D5-8C65-76DE3ECF03CB}.Debug|Any CPU.ActiveCfg = Debug|Any CPU
		{A4B24205-3F9C-43D5-8C65-76DE3ECF03CB}.Debug|Any CPU.Build.0 = Debug|Any CPU
		{A4B24205-3F9C-43D5-8C65-76DE3ECF03CB}.Release|Any CPU.ActiveCfg = Release|Any CPU
		{A4B24205-3F9C-43D5-8C65-76DE3ECF03CB}.Release|Any CPU.Build.0 = Release|Any CPU
		{1F7B748C-97A2-4D9F-A52F-FB57001DC217}.Debug|Any CPU.ActiveCfg = Debug|Any CPU
		{1F7B748C-97A2-4D9F-A52F-FB57001DC217}.Debug|Any CPU.Build.0 = Debug|Any CPU
		{1F7B748C-97A2-4D9F-A52F-FB57001DC217}.Release|Any CPU.ActiveCfg = Release|Any CPU
		{1F7B748C-97A2-4D9F-A52F-FB57001DC217}.Release|Any CPU.Build.0 = Release|Any CPU
		{5F769F9F-1D1A-4CA3-982A-EFD4BC834B15}.Debug|Any CPU.ActiveCfg = Debug|Any CPU
		{5F769F9F-1D1A-4CA3-982A-EFD4BC834B15}.Debug|Any CPU.Build.0 = Debug|Any CPU
		{5F769F9F-1D1A-4CA3-982A-EFD4BC834B15}.Release|Any CPU.ActiveCfg = Release|Any CPU
		{5F769F9F-1D1A-4CA3-982A-EFD4BC834B15}.Release|Any CPU.Build.0 = Release|Any CPU
		{9251D31A-2C98-4F64-9A7F-5F3B3F700923}.Debug|Any CPU.ActiveCfg = Debug|Any CPU
		{9251D31A-2C98-4F64-9A7F-5F3B3F700923}.Debug|Any CPU.Build.0 = Debug|Any CPU
		{9251D31A-2C98-4F64-9A7F-5F3B3F700923}.Release|Any CPU.ActiveCfg = Release|Any CPU
		{9251D31A-2C98-4F64-9A7F-5F3B3F700923}.Release|Any CPU.Build.0 = Release|Any CPU
		{7EF3E222-886E-4BC0-B6E6-B134C970DBA9}.Debug|Any CPU.ActiveCfg = Debug|Any CPU
		{7EF3E222-886E-4BC0-B6E6-B134C970DBA9}.Debug|Any CPU.Build.0 = Debug|Any CPU
		{7EF3E222-886E-4BC0-B6E6-B134C970DBA9}.Release|Any CPU.ActiveCfg = Release|Any CPU
		{7EF3E222-886E-4BC0-B6E6-B134C970DBA9}.Release|Any CPU.Build.0 = Release|Any CPU
		{33E45703-2D89-4DF3-A44E-A9185FEE3230}.Debug|Any CPU.ActiveCfg = Debug|Any CPU
		{33E45703-2D89-4DF3-A44E-A9185FEE3230}.Debug|Any CPU.Build.0 = Debug|Any CPU
		{33E45703-2D89-4DF3-A44E-A9185FEE3230}.Release|Any CPU.ActiveCfg = Release|Any CPU
		{33E45703-2D89-4DF3-A44E-A9185FEE3230}.Release|Any CPU.Build.0 = Release|Any CPU
		{C482260B-1410-43E8-B43B-FED010EBF618}.Debug|Any CPU.ActiveCfg = Debug|Any CPU
		{C482260B-1410-43E8-B43B-FED010EBF618}.Debug|Any CPU.Build.0 = Debug|Any CPU
		{C482260B-1410-43E8-B43B-FED010EBF618}.Release|Any CPU.ActiveCfg = Release|Any CPU
		{C482260B-1410-43E8-B43B-FED010EBF618}.Release|Any CPU.Build.0 = Release|Any CPU
		{398D1C7A-7A39-4D1F-BBEC-F9D1684E898D}.Debug|Any CPU.ActiveCfg = Debug|Any CPU
		{398D1C7A-7A39-4D1F-BBEC-F9D1684E898D}.Debug|Any CPU.Build.0 = Debug|Any CPU
		{398D1C7A-7A39-4D1F-BBEC-F9D1684E898D}.Release|Any CPU.ActiveCfg = Release|Any CPU
		{398D1C7A-7A39-4D1F-BBEC-F9D1684E898D}.Release|Any CPU.Build.0 = Release|Any CPU
		{99EE855C-DCC2-4E58-8AB6-BFAD50B1D42D}.Debug|Any CPU.ActiveCfg = Debug|Any CPU
		{99EE855C-DCC2-4E58-8AB6-BFAD50B1D42D}.Debug|Any CPU.Build.0 = Debug|Any CPU
		{99EE855C-DCC2-4E58-8AB6-BFAD50B1D42D}.Release|Any CPU.ActiveCfg = Release|Any CPU
		{99EE855C-DCC2-4E58-8AB6-BFAD50B1D42D}.Release|Any CPU.Build.0 = Release|Any CPU
		{7E246B19-2A33-4F64-8C0B-FD0F00FAAF12}.Debug|Any CPU.ActiveCfg = Debug|Any CPU
		{7E246B19-2A33-4F64-8C0B-FD0F00FAAF12}.Debug|Any CPU.Build.0 = Debug|Any CPU
		{7E246B19-2A33-4F64-8C0B-FD0F00FAAF12}.Release|Any CPU.ActiveCfg = Release|Any CPU
		{7E246B19-2A33-4F64-8C0B-FD0F00FAAF12}.Release|Any CPU.Build.0 = Release|Any CPU
		{054B97FE-5E81-474E-A3E1-E6B355B9E08A}.Debug|Any CPU.ActiveCfg = Debug|Any CPU
		{054B97FE-5E81-474E-A3E1-E6B355B9E08A}.Debug|Any CPU.Build.0 = Debug|Any CPU
		{054B97FE-5E81-474E-A3E1-E6B355B9E08A}.Release|Any CPU.ActiveCfg = Release|Any CPU
		{054B97FE-5E81-474E-A3E1-E6B355B9E08A}.Release|Any CPU.Build.0 = Release|Any CPU
		{81A73456-3611-4EAA-BF5F-293185C356C7}.Debug|Any CPU.ActiveCfg = Debug|Any CPU
		{81A73456-3611-4EAA-BF5F-293185C356C7}.Debug|Any CPU.Build.0 = Debug|Any CPU
		{81A73456-3611-4EAA-BF5F-293185C356C7}.Release|Any CPU.ActiveCfg = Release|Any CPU
		{81A73456-3611-4EAA-BF5F-293185C356C7}.Release|Any CPU.Build.0 = Release|Any CPU
		{1F14E30C-D098-41EC-B9B8-3EA4FD2F8C2A}.Debug|Any CPU.ActiveCfg = Debug|Any CPU
		{1F14E30C-D098-41EC-B9B8-3EA4FD2F8C2A}.Debug|Any CPU.Build.0 = Debug|Any CPU
		{1F14E30C-D098-41EC-B9B8-3EA4FD2F8C2A}.Release|Any CPU.ActiveCfg = Release|Any CPU
		{1F14E30C-D098-41EC-B9B8-3EA4FD2F8C2A}.Release|Any CPU.Build.0 = Release|Any CPU
		{328BC886-CEAD-4FDC-9AA0-3FD630EEF2C9}.Debug|Any CPU.ActiveCfg = Debug|Any CPU
		{328BC886-CEAD-4FDC-9AA0-3FD630EEF2C9}.Debug|Any CPU.Build.0 = Debug|Any CPU
		{328BC886-CEAD-4FDC-9AA0-3FD630EEF2C9}.Release|Any CPU.ActiveCfg = Release|Any CPU
		{328BC886-CEAD-4FDC-9AA0-3FD630EEF2C9}.Release|Any CPU.Build.0 = Release|Any CPU
		{F4787BE0-DEB6-4836-97AB-CFD473BD0307}.Debug|Any CPU.ActiveCfg = Debug|Any CPU
		{F4787BE0-DEB6-4836-97AB-CFD473BD0307}.Debug|Any CPU.Build.0 = Debug|Any CPU
		{F4787BE0-DEB6-4836-97AB-CFD473BD0307}.Release|Any CPU.ActiveCfg = Release|Any CPU
		{F4787BE0-DEB6-4836-97AB-CFD473BD0307}.Release|Any CPU.Build.0 = Release|Any CPU
		{AD2FA1BF-47F8-4830-9EDE-04F7CE98F6B9}.Debug|Any CPU.ActiveCfg = Debug|Any CPU
		{AD2FA1BF-47F8-4830-9EDE-04F7CE98F6B9}.Debug|Any CPU.Build.0 = Debug|Any CPU
		{AD2FA1BF-47F8-4830-9EDE-04F7CE98F6B9}.Release|Any CPU.ActiveCfg = Release|Any CPU
		{AD2FA1BF-47F8-4830-9EDE-04F7CE98F6B9}.Release|Any CPU.Build.0 = Release|Any CPU
		{58D1566E-1A39-4B38-B0C3-4D5D325BFCC6}.Debug|Any CPU.ActiveCfg = Debug|Any CPU
		{58D1566E-1A39-4B38-B0C3-4D5D325BFCC6}.Debug|Any CPU.Build.0 = Debug|Any CPU
		{58D1566E-1A39-4B38-B0C3-4D5D325BFCC6}.Release|Any CPU.ActiveCfg = Release|Any CPU
		{58D1566E-1A39-4B38-B0C3-4D5D325BFCC6}.Release|Any CPU.Build.0 = Release|Any CPU
	EndGlobalSection
	GlobalSection(SolutionProperties) = preSolution
		HideSolutionNode = FALSE
	EndGlobalSection
	GlobalSection(NestedProjects) = preSolution
		{AACDA97C-FAA8-4E29-AAB4-32AD3F87173B} = {CB12D041-EB5D-4E0C-9904-1595E0533A52}
		{0F72CED3-5A01-446B-B8D3-269EDCE87511} = {CB12D041-EB5D-4E0C-9904-1595E0533A52}
		{A4B24205-3F9C-43D5-8C65-76DE3ECF03CB} = {CB12D041-EB5D-4E0C-9904-1595E0533A52}
		{1F7B748C-97A2-4D9F-A52F-FB57001DC217} = {CB12D041-EB5D-4E0C-9904-1595E0533A52}
		{5F769F9F-1D1A-4CA3-982A-EFD4BC834B15} = {CB12D041-EB5D-4E0C-9904-1595E0533A52}
		{9251D31A-2C98-4F64-9A7F-5F3B3F700923} = {FED8D2BA-8AA1-420B-B931-B6A8E9B5DE9D}
		{7EF3E222-886E-4BC0-B6E6-B134C970DBA9} = {FED8D2BA-8AA1-420B-B931-B6A8E9B5DE9D}
		{33E45703-2D89-4DF3-A44E-A9185FEE3230} = {FED8D2BA-8AA1-420B-B931-B6A8E9B5DE9D}
		{C482260B-1410-43E8-B43B-FED010EBF618} = {FED8D2BA-8AA1-420B-B931-B6A8E9B5DE9D}
		{398D1C7A-7A39-4D1F-BBEC-F9D1684E898D} = {FED8D2BA-8AA1-420B-B931-B6A8E9B5DE9D}
		{99EE855C-DCC2-4E58-8AB6-BFAD50B1D42D} = {CE17D122-214E-4C0F-B094-A135CD4FBF9E}
		{7E246B19-2A33-4F64-8C0B-FD0F00FAAF12} = {CE17D122-214E-4C0F-B094-A135CD4FBF9E}
		{054B97FE-5E81-474E-A3E1-E6B355B9E08A} = {CE17D122-214E-4C0F-B094-A135CD4FBF9E}
		{81A73456-3611-4EAA-BF5F-293185C356C7} = {CE17D122-214E-4C0F-B094-A135CD4FBF9E}
		{1F14E30C-D098-41EC-B9B8-3EA4FD2F8C2A} = {5A1EAC52-BF2F-41B9-BE0A-48E7D24DC55C}
		{328BC886-CEAD-4FDC-9AA0-3FD630EEF2C9} = {5A1EAC52-BF2F-41B9-BE0A-48E7D24DC55C}
		{F4787BE0-DEB6-4836-97AB-CFD473BD0307} = {5A1EAC52-BF2F-41B9-BE0A-48E7D24DC55C}
		{AD2FA1BF-47F8-4830-9EDE-04F7CE98F6B9} = {5A1EAC52-BF2F-41B9-BE0A-48E7D24DC55C}
		{58D1566E-1A39-4B38-B0C3-4D5D325BFCC6} = {4331F02C-1FAC-4959-A86D-750568BECAB7}
	EndGlobalSection
	GlobalSection(ExtensibilityGlobals) = postSolution
		SolutionGuid = {9BCAD43E-CCEC-4E65-87ED-56840291DA79}
	EndGlobalSection
EndGlobal
